
Microsoft Visual Studio Solution File, Format Version 12.00
Project("{FAE04EC0-301F-11D3-BF4B-00C04F79EFBC}") = "dp.git", "dp.git\dp.git.csproj", "{0AEFDBEC-6B17-4F0A-9F02-A4451DCF8F55}"
EndProject
Project("{FAE04EC0-301F-11D3-BF4B-00C04F79EFBC}") = "dp.git.tests", "dp.git.tests\dp.git.tests.csproj", "{0EA266FC-347A-4395-95D8-B046217DAC97}"
EndProject
Project("{FAE04EC0-301F-11D3-BF4B-00C04F79EFBC}") = "dp-record", "dp-record\dp-record.csproj", "{EDC0C5A7-9AD3-45FD-9B1E-86D74023F4BA}"
EndProject
Project("{FAE04EC0-301F-11D3-BF4B-00C04F79EFBC}") = "dp-record.tests", "dp-record.tests\dp-record.tests.csproj", "{9CEC197B-EA5C-4CB5-A287-CE225A473977}"
EndProject
Global
	GlobalSection(SolutionConfigurationPlatforms) = preSolution
		Debug|Any CPU = Debug|Any CPU
		Release|Any CPU = Release|Any CPU
	EndGlobalSection
	GlobalSection(ProjectConfigurationPlatforms) = postSolution
		{0AEFDBEC-6B17-4F0A-9F02-A4451DCF8F55}.Debug|Any CPU.ActiveCfg = Debug|Any CPU
		{0AEFDBEC-6B17-4F0A-9F02-A4451DCF8F55}.Debug|Any CPU.Build.0 = Debug|Any CPU
		{0AEFDBEC-6B17-4F0A-9F02-A4451DCF8F55}.Release|Any CPU.ActiveCfg = Release|Any CPU
		{0AEFDBEC-6B17-4F0A-9F02-A4451DCF8F55}.Release|Any CPU.Build.0 = Release|Any CPU
		{0EA266FC-347A-4395-95D8-B046217DAC97}.Debug|Any CPU.ActiveCfg = Debug|Any CPU
		{0EA266FC-347A-4395-95D8-B046217DAC97}.Debug|Any CPU.Build.0 = Debug|Any CPU
		{0EA266FC-347A-4395-95D8-B046217DAC97}.Release|Any CPU.ActiveCfg = Release|Any CPU
		{0EA266FC-347A-4395-95D8-B046217DAC97}.Release|Any CPU.Build.0 = Release|Any CPU
		{EDC0C5A7-9AD3-45FD-9B1E-86D74023F4BA}.Debug|Any CPU.ActiveCfg = Debug|Any CPU
		{EDC0C5A7-9AD3-45FD-9B1E-86D74023F4BA}.Debug|Any CPU.Build.0 = Debug|Any CPU
		{EDC0C5A7-9AD3-45FD-9B1E-86D74023F4BA}.Release|Any CPU.ActiveCfg = Release|Any CPU
		{EDC0C5A7-9AD3-45FD-9B1E-86D74023F4BA}.Release|Any CPU.Build.0 = Release|Any CPU
		{9CEC197B-EA5C-4CB5-A287-CE225A473977}.Debug|Any CPU.ActiveCfg = Debug|Any CPU
		{9CEC197B-EA5C-4CB5-A287-CE225A473977}.Debug|Any CPU.Build.0 = Debug|Any CPU
		{9CEC197B-EA5C-4CB5-A287-CE225A473977}.Release|Any CPU.ActiveCfg = Release|Any CPU
		{9CEC197B-EA5C-4CB5-A287-CE225A473977}.Release|Any CPU.Build.0 = Release|Any CPU
	EndGlobalSection
EndGlobal
